
Microsoft Visual Studio Solution File, Format Version 12.00
# Visual Studio Version 17
VisualStudioVersion = 17.7.34202.233
MinimumVisualStudioVersion = 10.0.40219.1
Project("{FAE04EC0-301F-11D3-BF4B-00C04F79EFBC}") = "SoloSphere official website", "SoloSphere official website\SoloSphere official website.csproj", "{CF459481-F5D8-4903-8876-2DE336B9B7C5}"
EndProject
Global
	GlobalSection(SolutionConfigurationPlatforms) = preSolution
		Debug|Any CPU = Debug|Any CPU
		Release|Any CPU = Release|Any CPU
	EndGlobalSection
	GlobalSection(ProjectConfigurationPlatforms) = postSolution
		{CF459481-F5D8-4903-8876-2DE336B9B7C5}.Debug|Any CPU.ActiveCfg = Debug|Any CPU
		{CF459481-F5D8-4903-8876-2DE336B9B7C5}.Debug|Any CPU.Build.0 = Debug|Any CPU
		{CF459481-F5D8-4903-8876-2DE336B9B7C5}.Release|Any CPU.ActiveCfg = Release|Any CPU
		{CF459481-F5D8-4903-8876-2DE336B9B7C5}.Release|Any CPU.Build.0 = Release|Any CPU
	EndGlobalSection
	GlobalSection(SolutionProperties) = preSolution
		HideSolutionNode = FALSE
	EndGlobalSection
	GlobalSection(ExtensibilityGlobals) = postSolution
		SolutionGuid = {41F03A4B-9557-48CC-9E33-C68E31B22D52}
	EndGlobalSection
EndGlobal
